
Microsoft Visual Studio Solution File, Format Version 12.00
# Visual Studio Version 16
VisualStudioVersion = 16.0.33423.256
MinimumVisualStudioVersion = 10.0.40219.1
Project("{FAE04EC0-301F-11D3-BF4B-00C04F79EFBC}") = "GUI", "GUI\GUI.csproj", "{D1C61AB6-C8CB-431E-A037-37BA6E1A7EF2}"
EndProject
Project("{FAE04EC0-301F-11D3-BF4B-00C04F79EFBC}") = "XO logics", "XO logics\XO logics.csproj", "{5936EB7C-1715-419A-8225-451F496B1A91}"
EndProject
Global
	GlobalSection(SolutionConfigurationPlatforms) = preSolution
		Debug|Any CPU = Debug|Any CPU
		Release|Any CPU = Release|Any CPU
	EndGlobalSection
	GlobalSection(ProjectConfigurationPlatforms) = postSolution
		{D1C61AB6-C8CB-431E-A037-37BA6E1A7EF2}.Debug|Any CPU.ActiveCfg = Debug|Any CPU
		{D1C61AB6-C8CB-431E-A037-37BA6E1A7EF2}.Debug|Any CPU.Build.0 = Debug|Any CPU
		{D1C61AB6-C8CB-431E-A037-37BA6E1A7EF2}.Release|Any CPU.ActiveCfg = Release|Any CPU
		{D1C61AB6-C8CB-431E-A037-37BA6E1A7EF2}.Release|Any CPU.Build.0 = Release|Any CPU
		{5936EB7C-1715-419A-8225-451F496B1A91}.Debug|Any CPU.ActiveCfg = Debug|Any CPU
		{5936EB7C-1715-419A-8225-451F496B1A91}.Debug|Any CPU.Build.0 = Debug|Any CPU
		{5936EB7C-1715-419A-8225-451F496B1A91}.Release|Any CPU.ActiveCfg = Release|Any CPU
		{5936EB7C-1715-419A-8225-451F496B1A91}.Release|Any CPU.Build.0 = Release|Any CPU
	EndGlobalSection
	GlobalSection(SolutionProperties) = preSolution
		HideSolutionNode = FALSE
	EndGlobalSection
	GlobalSection(ExtensibilityGlobals) = postSolution
		SolutionGuid = {3C282E25-C9D5-4079-A5C8-3E415171EB20}
	EndGlobalSection
EndGlobal
